
Microsoft Visual Studio Solution File, Format Version 11.00
# Visual Studio 2010
Project("{FAE04EC0-301F-11D3-BF4B-00C04F79EFBC}") = "Assembly-CSharp", "Assembly-CSharp.csproj", "{FAA8709D-4509-DFB4-363A-2FBCD82EAABE}"
EndProject
Project("{FAE04EC0-301F-11D3-BF4B-00C04F79EFBC}") = "Assembly-CSharp-Editor", "Assembly-CSharp-Editor.csproj", "{D0FF8EAB-8B36-7A66-EC3A-707601BCCB3B}"
EndProject
Global
	GlobalSection(SolutionConfigurationPlatforms) = preSolution
		Debug|Any CPU = Debug|Any CPU
		Release|Any CPU = Release|Any CPU
	EndGlobalSection
	GlobalSection(ProjectConfigurationPlatforms) = postSolution
		{FAA8709D-4509-DFB4-363A-2FBCD82EAABE}.Debug|Any CPU.ActiveCfg = Debug|Any CPU
		{FAA8709D-4509-DFB4-363A-2FBCD82EAABE}.Debug|Any CPU.Build.0 = Debug|Any CPU
		{FAA8709D-4509-DFB4-363A-2FBCD82EAABE}.Release|Any CPU.ActiveCfg = Release|Any CPU
		{FAA8709D-4509-DFB4-363A-2FBCD82EAABE}.Release|Any CPU.Build.0 = Release|Any CPU
		{D0FF8EAB-8B36-7A66-EC3A-707601BCCB3B}.Debug|Any CPU.ActiveCfg = Debug|Any CPU
		{D0FF8EAB-8B36-7A66-EC3A-707601BCCB3B}.Debug|Any CPU.Build.0 = Debug|Any CPU
		{D0FF8EAB-8B36-7A66-EC3A-707601BCCB3B}.Release|Any CPU.ActiveCfg = Release|Any CPU
		{D0FF8EAB-8B36-7A66-EC3A-707601BCCB3B}.Release|Any CPU.Build.0 = Release|Any CPU
	EndGlobalSection
	GlobalSection(SolutionProperties) = preSolution
		HideSolutionNode = FALSE
	EndGlobalSection
	GlobalSection(MonoDevelopProperties) = preSolution
		StartupItem = Assembly-CSharp.csproj
	EndGlobalSection
EndGlobal
